Microsoft Visual Studio Solution File, Format Version 12.00
# Visual Studio Version 17
VisualStudioVersion = 17.5.2.0
MinimumVisualStudioVersion = 10.0.40219.1
Project("{FAE04EC0-301F-11D3-BF4B-00C04F79EFBC}") = "ProjectAkhir", "ProjectAkhir.csproj", "{BE907F24-35F9-57BC-DDF8-C79E624DF954}"
EndProject
Global
	GlobalSection(SolutionConfigurationPlatforms) = preSolution
		Debug|Any CPU = Debug|Any CPU
		Release|Any CPU = Release|Any CPU
	EndGlobalSection
	GlobalSection(ProjectConfigurationPlatforms) = postSolution
		{BE907F24-35F9-57BC-DDF8-C79E624DF954}.Debug|Any CPU.ActiveCfg = Debug|Any CPU
		{BE907F24-35F9-57BC-DDF8-C79E624DF954}.Debug|Any CPU.Build.0 = Debug|Any CPU
		{BE907F24-35F9-57BC-DDF8-C79E624DF954}.Release|Any CPU.ActiveCfg = Release|Any CPU
		{BE907F24-35F9-57BC-DDF8-C79E624DF954}.Release|Any CPU.Build.0 = Release|Any CPU
	EndGlobalSection
	GlobalSection(SolutionProperties) = preSolution
		HideSolutionNode = FALSE
	EndGlobalSection
	GlobalSection(ExtensibilityGlobals) = postSolution
		SolutionGuid = {0BEFB765-46DC-4BFE-AE67-A3C79EA8CC10}
	EndGlobalSection
EndGlobal
